<?xml version="1.0" encoding="utf-8"?>
<Project ToolsVersion="4.0" xmlns="http://schemas.microsoft.com/developer/msbuild/2003">
  <ItemGroup>
    <Filter Include="Source Files">
      <UniqueIdentifier>{0bd75163-c7fd-4cac-bdda-c659396918f2}</UniqueIdentifier>
      <Extensions>cpp;c;cxx;rc;def;r;odl;idl;hpj;bat</Extensions>
    </Filter>
    <Filter Include="Header Files">
      <UniqueIdentifier>{9234c06a-957d-469c-bed5-07479a51de03}</UniqueIdentifier>
      <Extensions>h;hpp;hxx;hm;inl</Extensions>
    </Filter>
    <Filter Include="Resource Files">
      <UniqueIdentifier>{21e179da-8aef-4e9c-928f-59b98fc6256b}</UniqueIdentifier>
      <Extensions>ico;cur;bmp;dlg;rc2;rct;bin;rgs;gif;jpg;jpeg;jpe</Extensions>
    </Filter>
  </ItemGroup>
  <ItemGroup>
    <ClCompile Include="tga.cpp">
      <Filter>Source Files</Filter>
    </ClCompile>
    <ClCompile Include="planeta.cpp">
      <Filter>Source Files</Filter>
    </ClCompile>
    <ClCompile Include="Solar.cpp">
      <Filter>Source Files</Filter>
    </ClCompile>
    <ClCompile Include="Camera.cpp">
      <Filter>Source Files</Filter>
    </ClCompile>
    <ClCompile Include="lua.cpp">
      <Filter>Source Files</Filter>
    </ClCompile>
  </ItemGroup>
  <ItemGroup>
    <ClInclude Include="tga.h">
      <Filter>Header Files</Filter>
    </ClInclude>
    <ClInclude Include="Solar.h">
      <Filter>Header Files</Filter>
    </ClInclude>
    <ClInclude Include="planeta.h">
      <Filter>Header Files</Filter>
    </ClInclude>
    <ClInclude Include="Camera.h">
      <Filter>Header Files</Filter>
    </ClInclude>
    <ClInclude Include="Vec3.h">
      <Filter>Header Files</Filter>
    </ClInclude>
    <ClInclude Include="FPSManager.hpp">
      <Filter>Header Files</Filter>
    </ClInclude>
    <ClInclude Include="lua.h">
      <Filter>Header Files</Filter>
    </ClInclude>
  </ItemGroup>
</Project>